<?xml version="1.0" encoding="utf-8"?>
<Project ToolsVersion="4.0" xmlns="http://schemas.microsoft.com/developer/msbuild/2003">
  <ItemGroup>
    <Filter Include="Source Files">
      <UniqueIdentifier>{4FC737F1-C7A5-4376-A066-2A32D752A2FF}</UniqueIdentifier>
      <Extensions>cpp;c;cc;cxx;def;odl;idl;hpj;bat;asm;asmx</Extensions>
    </Filter>
    <Filter Include="Header Files">
      <UniqueIdentifier>{93995380-89BD-4b04-88EB-625FBE52EBFB}</UniqueIdentifier>
      <Extensions>h;hh;hpp;hxx;hm;inl;inc;xsd</Extensions>
    </Filter>
    <Filter Include="Resource Files">
      <UniqueIdentifier>{67DA6AB6-F800-4c08-8B7A-83BB121AAD01}</UniqueIdentifier>
      <Extensions>rc;ico;cur;bmp;dlg;rc2;rct;bin;rgs;gif;jpg;jpeg;jpe;resx;tiff;tif;png;wav;mfcribbon-ms</Extensions>
    </Filter>
    <Filter Include="Source Files\Frontend">
      <UniqueIdentifier>{cbe7a9a9-c034-496f-9a38-74d24bf9a8cc}</UniqueIdentifier>
    </Filter>
    <Filter Include="Source Files\QueryProcessor">
      <UniqueIdentifier>{b0f6bbcc-04af-43b6-8619-6ecb27afc260}</UniqueIdentifier>
    </Filter>
    <Filter Include="Source Files\PKB">
      <UniqueIdentifier>{d381b614-7c47-4c6a-add1-5d0dc1ce2aff}</UniqueIdentifier>
    </Filter>
    <Filter Include="Header Files\Frontend">
      <UniqueIdentifier>{bcc98965-9d5a-4013-a1bb-3d0db264329e}</UniqueIdentifier>
    </Filter>
    <Filter Include="Header Files\QueryProcessor">
      <UniqueIdentifier>{d0796086-2c3c-4c96-93e8-92938db9bfe3}</UniqueIdentifier>
    </Filter>
    <Filter Include="Header Files\PKB">
      <UniqueIdentifier>{5bbb0e40-5b4a-4bc0-a859-d661a870ce09}</UniqueIdentifier>
    </Filter>
  </ItemGroup>
  <ItemGroup>
    <ClInclude Include="include\Utils.h">
      <Filter>Header Files</Filter>
    </ClInclude>
    <ClInclude Include="include\Exceptions.h">
      <Filter>Header Files</Filter>
    </ClInclude>
    <ClInclude Include="include\TreeNode.h">
      <Filter>Header Files</Filter>
    </ClInclude>
    <ClInclude Include="include\Tree.h">
      <Filter>Header Files</Filter>
    </ClInclude>
    <ClInclude Include="include\frontend\FrontendParser.h">
      <Filter>Header Files\Frontend</Filter>
    </ClInclude>
    <ClInclude Include="include\PKB\AST.h">
      <Filter>Header Files\PKB</Filter>
    </ClInclude>
    <ClInclude Include="include\PKB\PKB.h">
      <Filter>Header Files\PKB</Filter>
    </ClInclude>
    <ClInclude Include="include\QueryProcessor\Clause.h">
      <Filter>Header Files\QueryProcessor</Filter>
    </ClInclude>
    <ClInclude Include="include\QueryProcessor\QueryEvaluator.h">
      <Filter>Header Files\QueryProcessor</Filter>
    </ClInclude>
    <ClInclude Include="include\QueryProcessor\QueryPreprocessor.h">
      <Filter>Header Files\QueryProcessor</Filter>
    </ClInclude>
    <ClInclude Include="include\QueryProcessor\QueryTree.h">
      <Filter>Header Files\QueryProcessor</Filter>
    </ClInclude>
    <ClInclude Include="include\QueryProcessor\QueryProjector.h">
      <Filter>Header Files\QueryProcessor</Filter>
    </ClInclude>
    <ClInclude Include="include\QueryProcessor\RelationTable.h">
      <Filter>Header Files\QueryProcessor</Filter>
    </ClInclude>
    <ClInclude Include="include\Constants.h">
      <Filter>Header Files</Filter>
    </ClInclude>
    <ClInclude Include="include\PKB\Table.h">
      <Filter>Header Files\PKB</Filter>
    </ClInclude>
    <ClInclude Include="include\PKB\TransitiveTable.h">
      <Filter>Header Files\PKB</Filter>
    </ClInclude>
    <ClInclude Include="include\QueryProcessor\QueryUtils.h">
      <Filter>Header Files\QueryProcessor</Filter>
    </ClInclude>
    <ClInclude Include="include\QueryProcessor\QueryOptimizer.h">
      <Filter>Header Files\QueryProcessor</Filter>
    </ClInclude>
    <ClInclude Include="include\QueryProcessor\TotalCombinationList.h">
      <Filter>Header Files\QueryProcessor</Filter>
    </ClInclude>
  </ItemGroup>
  <ItemGroup>
    <ClCompile Include="source\Utils.cpp">
      <Filter>Source Files</Filter>
    </ClCompile>
    <ClCompile Include="source\Constants.cpp">
      <Filter>Source Files</Filter>
    </ClCompile>
    <ClCompile Include="source\TreeNode.cpp">
      <Filter>Source Files</Filter>
    </ClCompile>
    <ClCompile Include="source\Tree.cpp">
      <Filter>Source Files</Filter>
    </ClCompile>
    <ClCompile Include="source\PKB\PKB.cpp">
      <Filter>Source Files\PKB</Filter>
    </ClCompile>
    <ClCompile Include="source\frontend\FrontendParser.cpp">
      <Filter>Source Files\Frontend</Filter>
    </ClCompile>
    <ClCompile Include="source\PKB\AST.cpp">
      <Filter>Source Files\PKB</Filter>
    </ClCompile>
    <ClCompile Include="source\QueryProcessor\QueryEvaluator.cpp">
      <Filter>Source Files\QueryProcessor</Filter>
    </ClCompile>
    <ClCompile Include="source\QueryProcessor\QueryPreprocessor.cpp">
      <Filter>Source Files\QueryProcessor</Filter>
    </ClCompile>
    <ClCompile Include="source\QueryProcessor\QueryProjector.cpp">
      <Filter>Source Files\QueryProcessor</Filter>
    </ClCompile>
    <ClCompile Include="source\QueryProcessor\QueryTree.cpp">
      <Filter>Source Files\QueryProcessor</Filter>
    </ClCompile>
    <ClCompile Include="source\QueryProcessor\RelationTable.cpp">
      <Filter>Source Files\QueryProcessor</Filter>
    </ClCompile>
    <ClCompile Include="source\QueryProcessor\Clause.cpp">
      <Filter>Source Files\QueryProcessor</Filter>
    </ClCompile>
    <ClCompile Include="source\QueryProcessor\QueryUtils.cpp">
      <Filter>Source Files\QueryProcessor</Filter>
    </ClCompile>
    <ClCompile Include="source\QueryProcessor\QueryOptimizer.cpp">
      <Filter>Source Files\QueryProcessor</Filter>
    </ClCompile>
    <ClCompile Include="source\QueryProcessor\TotalCombinationList.cpp">
      <Filter>Source Files\QueryProcessor</Filter>
    </ClCompile>
  </ItemGroup>
</Project>