<?xml version="1.0" encoding="utf-8"?>
<Project ToolsVersion="4.0" xmlns="http://schemas.microsoft.com/developer/msbuild/2003">
  <ItemGroup>
    <Filter Include="Source Files">
      <UniqueIdentifier>{4FC737F1-C7A5-4376-A066-2A32D752A2FF}</UniqueIdentifier>
      <Extensions>cpp;c;cc;cxx;def;odl;idl;hpj;bat;asm;asmx</Extensions>
    </Filter>
    <Filter Include="Header Files">
      <UniqueIdentifier>{93995380-89BD-4b04-88EB-625FBE52EBFB}</UniqueIdentifier>
      <Extensions>h;hh;hpp;hxx;hm;inl;inc;xsd</Extensions>
    </Filter>
    <Filter Include="Resource Files">
      <UniqueIdentifier>{67DA6AB6-F800-4c08-8B7A-83BB121AAD01}</UniqueIdentifier>
      <Extensions>rc;ico;cur;bmp;dlg;rc2;rct;bin;rgs;gif;jpg;jpeg;jpe;resx;tiff;tif;png;wav;mfcribbon-ms</Extensions>
    </Filter>
    <Filter Include="Source Files\Frontend">
      <UniqueIdentifier>{e7b09c17-a26c-4646-a053-47d36a3bca90}</UniqueIdentifier>
    </Filter>
    <Filter Include="Source Files\PKB">
      <UniqueIdentifier>{85bd5c00-c4a7-4faa-bb47-f92b5377425a}</UniqueIdentifier>
    </Filter>
    <Filter Include="Source Files\QueryProcessor">
      <UniqueIdentifier>{d9ed1a8f-e904-4666-97f9-5bc4eb3b0e11}</UniqueIdentifier>
    </Filter>
    <Filter Include="Source Files\QueryEvaluator">
      <UniqueIdentifier>{47b82299-299d-4b54-8b6a-9568367225c4}</UniqueIdentifier>
    </Filter>
  </ItemGroup>
  <ItemGroup>
    <ClInclude Include="targetver.h">
      <Filter>Header Files</Filter>
    </ClInclude>
    <ClInclude Include="stdafx.h">
      <Filter>Header Files</Filter>
    </ClInclude>
  </ItemGroup>
  <ItemGroup>
    <ClCompile Include="stdafx.cpp">
      <Filter>Source Files</Filter>
    </ClCompile>
    <ClCompile Include="QueryProcessor\QueryPreprocessorUnitTest.cpp">
      <Filter>Source Files\QueryProcessor</Filter>
    </ClCompile>
    <ClCompile Include="Frontend\FrontendParserUnitTest.cpp">
      <Filter>Source Files\Frontend</Filter>
    </ClCompile>
    <ClCompile Include="QueryEvaluatorUnitTest.cpp">
      <Filter>Source Files\QueryEvaluator</Filter>
    </ClCompile>
    <ClCompile Include="PKB\PKBUnitTest.cpp">
      <Filter>Source Files\PKB</Filter>
    </ClCompile>
  </ItemGroup>
</Project>